PODS:
  - SixBase (0.1.2):
    - SixBase/Extension (= 0.1.2)
    - SixBase/Router (= 0.1.2)
    - SixBase/Utils (= 0.1.2)
  - SixBase/Extension (0.1.2)
  - SixBase/Router (0.1.2)
  - SixBase/Utils (0.1.2)

DEPENDENCIES:
  - SixBase (from `../`)

EXTERNAL SOURCES:
  SixBase:
    :path: "../"

SPEC CHECKSUMS:
  SixBase: eb055ef5ab09414782db0323f928f2abe997e05c

PODFILE CHECKSUM: a85b8870928c6a9a280e06c856c7e1d9c0e13fd2

COCOAPODS: 1.15.2
